
Microsoft Visual Studio Solution File, Format Version 12.00
# Visual Studio Version 17
VisualStudioVersion = 17.9.34902.65
MinimumVisualStudioVersion = 10.0.40219.1
Project("{8BC9CEB8-8B4A-11D0-8D11-00A0C91BC942}") = "OpenGL_prac", "OpenGL_prac.vcxproj", "{7448819F-C62E-467B-8406-0F71C613E32D}"
EndProject
Global
	GlobalSection(SolutionConfigurationPlatforms) = preSolution
		Debug|x64 = Debug|x64
		Debug|x86 = Debug|x86
		Release|x64 = Release|x64
		Release|x86 = Release|x86
	EndGlobalSection
	GlobalSection(ProjectConfigurationPlatforms) = postSolution
		{7448819F-C62E-467B-8406-0F71C613E32D}.Debug|x64.ActiveCfg = Debug|x64
		{7448819F-C62E-467B-8406-0F71C613E32D}.Debug|x64.Build.0 = Debug|x64
		{7448819F-C62E-467B-8406-0F71C613E32D}.Debug|x86.ActiveCfg = Debug|Win32
		{7448819F-C62E-467B-8406-0F71C613E32D}.Debug|x86.Build.0 = Debug|Win32
		{7448819F-C62E-467B-8406-0F71C613E32D}.Release|x64.ActiveCfg = Release|x64
		{7448819F-C62E-467B-8406-0F71C613E32D}.Release|x64.Build.0 = Release|x64
		{7448819F-C62E-467B-8406-0F71C613E32D}.Release|x86.ActiveCfg = Release|Win32
		{7448819F-C62E-467B-8406-0F71C613E32D}.Release|x86.Build.0 = Release|Win32
	EndGlobalSection
	GlobalSection(SolutionProperties) = preSolution
		HideSolutionNode = FALSE
	EndGlobalSection
	GlobalSection(ExtensibilityGlobals) = postSolution
		SolutionGuid = {A5B9DAB0-727C-47DC-8826-78FAD25A3AFC}
	EndGlobalSection
EndGlobal
